// !$*UTF8*$!
{
	archiveVersion = 1;
	classes = {
	};
	objectVersion = 48;
	objects = {

/* Begin PBXBuildFile section */
		A346CB93ECECF89EA1A5DD72 /* Pods_LesAmiesDeLaScienceAvecFavoris.framework in Frameworks */ = {isa = PBXBuildFile; fileRef = A7E249EABB4F859B4EFBF339 /* Pods_LesAmiesDeLaScienceAvecFavoris.framework */; };
		B595371F1FE369630063DC58 /* amisDeLaScience.json in Resources */ = {isa = PBXBuildFile; fileRef = B595371E1FE369630063DC58 /* amisDeLaScience.json */; };
		B59F55131FCB4E3200D00E0C /* TBVFavoris.swift in Sources */ = {isa = PBXBuildFile; fileRef = B59F55121FCB4E3200D00E0C /* TBVFavoris.swift */; };
		B59F55181FCB5C8400D00E0C /* README.md in Resources */ = {isa = PBXBuildFile; fileRef = B59F55171FCB5C8400D00E0C /* README.md */; };
		B5BD63B51FCB3477004305B6 /* AppDelegate.swift in Sources */ = {isa = PBXBuildFile; fileRef = B5BD63B41FCB3477004305B6 /* AppDelegate.swift */; };
		B5BD63B71FCB3477004305B6 /* ViewController.swift in Sources */ = {isa = PBXBuildFile; fileRef = B5BD63B61FCB3477004305B6 /* ViewController.swift */; };
		B5BD63BA1FCB3477004305B6 /* Main.storyboard in Resources */ = {isa = PBXBuildFile; fileRef = B5BD63B81FCB3477004305B6 /* Main.storyboard */; };
		B5BD63BC1FCB3477004305B6 /* Assets.xcassets in Resources */ = {isa = PBXBuildFile; fileRef = B5BD63BB1FCB3477004305B6 /* Assets.xcassets */; };
		B5BD63BF1FCB3477004305B6 /* LaunchScreen.storyboard in Resources */ = {isa = PBXBuildFile; fileRef = B5BD63BD1FCB3477004305B6 /* LaunchScreen.storyboard */; };
		B5BD63D71FCB353E004305B6 /* Albert Einstein.jpg in Resources */ = {isa = PBXBuildFile; fileRef = B5BD63C71FCB353D004305B6 /* Albert Einstein.jpg */; };
		B5BD63D81FCB353E004305B6 /* Albert Jacquard.jpg in Resources */ = {isa = PBXBuildFile; fileRef = B5BD63C81FCB353D004305B6 /* Albert Jacquard.jpg */; };
		B5BD63D91FCB353E004305B6 /* Christian Huygens.jpg in Resources */ = {isa = PBXBuildFile; fileRef = B5BD63C91FCB353D004305B6 /* Christian Huygens.jpg */; };
		B5BD63DA1FCB353E004305B6 /* Marie Curie.jpg in Resources */ = {isa = PBXBuildFile; fileRef = B5BD63CA1FCB353D004305B6 /* Marie Curie.jpg */; };
		B5BD63DB1FCB353E004305B6 /* Galilée.jpg in Resources */ = {isa = PBXBuildFile; fileRef = B5BD63CB1FCB353D004305B6 /* Galilée.jpg */; };
		B5BD63DC1FCB353E004305B6 /* Daniel Fahrenheit.jpg in Resources */ = {isa = PBXBuildFile; fileRef = B5BD63CC1FCB353D004305B6 /* Daniel Fahrenheit.jpg */; };
		B5BD63DD1FCB353E004305B6 /* Henri Becquerel.jpg in Resources */ = {isa = PBXBuildFile; fileRef = B5BD63CD1FCB353D004305B6 /* Henri Becquerel.jpg */; };
		B5BD63DE1FCB353E004305B6 /* maxwell.jpg in Resources */ = {isa = PBXBuildFile; fileRef = B5BD63CE1FCB353D004305B6 /* maxwell.jpg */; };
		B5BD63DF1FCB353E004305B6 /* Wilhelm Conrad Rontgen.jpg in Resources */ = {isa = PBXBuildFile; fileRef = B5BD63CF1FCB353D004305B6 /* Wilhelm Conrad Rontgen.jpg */; };
		B5BD63E01FCB353E004305B6 /* Jean Perrin.jpg in Resources */ = {isa = PBXBuildFile; fileRef = B5BD63D01FCB353D004305B6 /* Jean Perrin.jpg */; };
		B5BD63E11FCB353E004305B6 /* Karl Guthe Jansky.jpg in Resources */ = {isa = PBXBuildFile; fileRef = B5BD63D11FCB353D004305B6 /* Karl Guthe Jansky.jpg */; };
		B5BD63E21FCB353E004305B6 /* Dennis Ritchie.jpg in Resources */ = {isa = PBXBuildFile; fileRef = B5BD63D21FCB353D004305B6 /* Dennis Ritchie.jpg */; };
		B5BD63E31FCB353E004305B6 /* Braun.jpg in Resources */ = {isa = PBXBuildFile; fileRef = B5BD63D31FCB353D004305B6 /* Braun.jpg */; };
		B5BD63E41FCB353E004305B6 /* Steve Jobs.jpg in Resources */ = {isa = PBXBuildFile; fileRef = B5BD63D41FCB353D004305B6 /* Steve Jobs.jpg */; };
		B5BD63E51FCB353E004305B6 /* Hertz.jpg in Resources */ = {isa = PBXBuildFile; fileRef = B5BD63D51FCB353D004305B6 /* Hertz.jpg */; };
		B5BD63E61FCB353E004305B6 /* Blaise Pascal.jpg in Resources */ = {isa = PBXBuildFile; fileRef = B5BD63D61FCB353D004305B6 /* Blaise Pascal.jpg */; };
		B5BD63E81FCB3549004305B6 /* amisDelaScience.plist in Resources */ = {isa = PBXBuildFile; fileRef = B5BD63E71FCB3549004305B6 /* amisDelaScience.plist */; };
		B5BD63EC1FCB35EC004305B6 /* VCDetails.swift in Sources */ = {isa = PBXBuildFile; fileRef = B5BD63EA1FCB35EC004305B6 /* VCDetails.swift */; };
		B5BD63EE1FCB3680004305B6 /* CVCSavant.swift in Sources */ = {isa = PBXBuildFile; fileRef = B5BD63ED1FCB3680004305B6 /* CVCSavant.swift */; };
		B5BD63F01FCB4116004305B6 /* Savant.swift in Sources */ = {isa = PBXBuildFile; fileRef = B5BD63EF1FCB4116004305B6 /* Savant.swift */; };
		B5BD63F21FCB414C004305B6 /* Podfile in Resources */ = {isa = PBXBuildFile; fileRef = B5BD63F11FCB414C004305B6 /* Podfile */; };
/* End PBXBuildFile section */

/* Begin PBXFileReference section */
		A638B194AB8E4D0E0BAAE580 /* Pods-LesAmiesDeLaScienceAvecFavoris.release.xcconfig */ = {isa = PBXFileReference; includeInIndex = 1; lastKnownFileType = text.xcconfig; name = "Pods-LesAmiesDeLaScienceAvecFavoris.release.xcconfig"; path = "Pods/Target Support Files/Pods-LesAmiesDeLaScienceAvecFavoris/Pods-LesAmiesDeLaScienceAvecFavoris.release.xcconfig"; sourceTree = "<group>"; };
		A7E249EABB4F859B4EFBF339 /* Pods_LesAmiesDeLaScienceAvecFavoris.framework */ = {isa = PBXFileReference; explicitFileType = wrapper.framework; includeInIndex = 0; path = Pods_LesAmiesDeLaScienceAvecFavoris.framework; sourceTree = BUILT_PRODUCTS_DIR; };
		B595371E1FE369630063DC58 /* amisDeLaScience.json */ = {isa = PBXFileReference; lastKnownFileType = text.json; path = amisDeLaScience.json; sourceTree = "<group>"; };
		B59F55121FCB4E3200D00E0C /* TBVFavoris.swift */ = {isa = PBXFileReference; lastKnownFileType = sourcecode.swift; path = TBVFavoris.swift; sourceTree = "<group>"; };
		B59F55171FCB5C8400D00E0C /* README.md */ = {isa = PBXFileReference; fileEncoding = 4; lastKnownFileType = net.daringfireball.markdown; path = README.md; sourceTree = SOURCE_ROOT; };
		B5BD63B11FCB3477004305B6 /* LesAmiesDeLaScienceAvecFavoris.app */ = {isa = PBXFileReference; explicitFileType = wrapper.application; includeInIndex = 0; path = LesAmiesDeLaScienceAvecFavoris.app; sourceTree = BUILT_PRODUCTS_DIR; };
		B5BD63B41FCB3477004305B6 /* AppDelegate.swift */ = {isa = PBXFileReference; lastKnownFileType = sourcecode.swift; path = AppDelegate.swift; sourceTree = "<group>"; };
		B5BD63B61FCB3477004305B6 /* ViewController.swift */ = {isa = PBXFileReference; lastKnownFileType = sourcecode.swift; path = ViewController.swift; sourceTree = "<group>"; };
		B5BD63B91FCB3477004305B6 /* Base */ = {isa = PBXFileReference; lastKnownFileType = file.storyboard; name = Base; path = Base.lproj/Main.storyboard; sourceTree = "<group>"; };
		B5BD63BB1FCB3477004305B6 /* Assets.xcassets */ = {isa = PBXFileReference; lastKnownFileType = folder.assetcatalog; path = Assets.xcassets; sourceTree = "<group>"; };
		B5BD63BE1FCB3477004305B6 /* Base */ = {isa = PBXFileReference; lastKnownFileType = file.storyboard; name = Base; path = Base.lproj/LaunchScreen.storyboard; sourceTree = "<group>"; };
		B5BD63C01FCB3477004305B6 /* Info.plist */ = {isa = PBXFileReference; lastKnownFileType = text.plist.xml; path = Info.plist; sourceTree = "<group>"; };
		B5BD63C71FCB353D004305B6 /* Albert Einstein.jpg */ = {isa = PBXFileReference; lastKnownFileType = image.jpeg; path = "Albert Einstein.jpg"; sourceTree = "<group>"; };
		B5BD63C81FCB353D004305B6 /* Albert Jacquard.jpg */ = {isa = PBXFileReference; lastKnownFileType = image.jpeg; path = "Albert Jacquard.jpg"; sourceTree = "<group>"; };
		B5BD63C91FCB353D004305B6 /* Christian Huygens.jpg */ = {isa = PBXFileReference; lastKnownFileType = image.jpeg; path = "Christian Huygens.jpg"; sourceTree = "<group>"; };
		B5BD63CA1FCB353D004305B6 /* Marie Curie.jpg */ = {isa = PBXFileReference; lastKnownFileType = image.jpeg; path = "Marie Curie.jpg"; sourceTree = "<group>"; };
		B5BD63CB1FCB353D004305B6 /* Galilée.jpg */ = {isa = PBXFileReference; lastKnownFileType = image.jpeg; path = "Galilée.jpg"; sourceTree = "<group>"; };
		B5BD63CC1FCB353D004305B6 /* Daniel Fahrenheit.jpg */ = {isa = PBXFileReference; lastKnownFileType = image.jpeg; path = "Daniel Fahrenheit.jpg"; sourceTree = "<group>"; };
		B5BD63CD1FCB353D004305B6 /* Henri Becquerel.jpg */ = {isa = PBXFileReference; lastKnownFileType = image.jpeg; path = "Henri Becquerel.jpg"; sourceTree = "<group>"; };
		B5BD63CE1FCB353D004305B6 /* maxwell.jpg */ = {isa = PBXFileReference; lastKnownFileType = image.jpeg; path = maxwell.jpg; sourceTree = "<group>"; };
		B5BD63CF1FCB353D004305B6 /* Wilhelm Conrad Rontgen.jpg */ = {isa = PBXFileReference; lastKnownFileType = image.jpeg; path = "Wilhelm Conrad Rontgen.jpg"; sourceTree = "<group>"; };
		B5BD63D01FCB353D004305B6 /* Jean Perrin.jpg */ = {isa = PBXFileReference; lastKnownFileType = image.jpeg; path = "Jean Perrin.jpg"; sourceTree = "<group>"; };
		B5BD63D11FCB353D004305B6 /* Karl Guthe Jansky.jpg */ = {isa = PBXFileReference; lastKnownFileType = image.jpeg; path = "Karl Guthe Jansky.jpg"; sourceTree = "<group>"; };
		B5BD63D21FCB353D004305B6 /* Dennis Ritchie.jpg */ = {isa = PBXFileReference; lastKnownFileType = image.jpeg; path = "Dennis Ritchie.jpg"; sourceTree = "<group>"; };
		B5BD63D31FCB353D004305B6 /* Braun.jpg */ = {isa = PBXFileReference; lastKnownFileType = image.jpeg; path = Braun.jpg; sourceTree = "<group>"; };
		B5BD63D41FCB353D004305B6 /* Steve Jobs.jpg */ = {isa = PBXFileReference; lastKnownFileType = image.jpeg; path = "Steve Jobs.jpg"; sourceTree = "<group>"; };
		B5BD63D51FCB353D004305B6 /* Hertz.jpg */ = {isa = PBXFileReference; lastKnownFileType = image.jpeg; path = Hertz.jpg; sourceTree = "<group>"; };
		B5BD63D61FCB353D004305B6 /* Blaise Pascal.jpg */ = {isa = PBXFileReference; lastKnownFileType = image.jpeg; path = "Blaise Pascal.jpg"; sourceTree = "<group>"; };
		B5BD63E71FCB3549004305B6 /* amisDelaScience.plist */ = {isa = PBXFileReference; fileEncoding = 4; lastKnownFileType = text.plist.xml; path = amisDelaScience.plist; sourceTree = "<group>"; };
		B5BD63EA1FCB35EC004305B6 /* VCDetails.swift */ = {isa = PBXFileReference; fileEncoding = 4; lastKnownFileType = sourcecode.swift; path = VCDetails.swift; sourceTree = "<group>"; };
		B5BD63ED1FCB3680004305B6 /* CVCSavant.swift */ = {isa = PBXFileReference; fileEncoding = 4; lastKnownFileType = sourcecode.swift; path = CVCSavant.swift; sourceTree = "<group>"; };
		B5BD63EF1FCB4116004305B6 /* Savant.swift */ = {isa = PBXFileReference; lastKnownFileType = sourcecode.swift; path = Savant.swift; sourceTree = "<group>"; };
		B5BD63F11FCB414C004305B6 /* Podfile */ = {isa = PBXFileReference; fileEncoding = 4; lastKnownFileType = text; path = Podfile; sourceTree = SOURCE_ROOT; };
		E469502B46BC0AECF56B94CA /* Pods-LesAmiesDeLaScienceAvecFavoris.debug.xcconfig */ = {isa = PBXFileReference; includeInIndex = 1; lastKnownFileType = text.xcconfig; name = "Pods-LesAmiesDeLaScienceAvecFavoris.debug.xcconfig"; path = "Pods/Target Support Files/Pods-LesAmiesDeLaScienceAvecFavoris/Pods-LesAmiesDeLaScienceAvecFavoris.debug.xcconfig"; sourceTree = "<group>"; };
/* End PBXFileReference section */

/* Begin PBXFrameworksBuildPhase section */
		B5BD63AE1FCB3477004305B6 /* Frameworks */ = {
			isa = PBXFrameworksBuildPhase;
			buildActionMask = 2147483647;
			files = (
				A346CB93ECECF89EA1A5DD72 /* Pods_LesAmiesDeLaScienceAvecFavoris.framework in Frameworks */,
			);
			runOnlyForDeploymentPostprocessing = 0;
		};
/* End PBXFrameworksBuildPhase section */

/* Begin PBXGroup section */
		B59F55141FCB571D00D00E0C /* Ressources */ = {
			isa = PBXGroup;
			children = (
				B59F55161FCB576000D00E0C /* Les données */,
				B59F55151FCB573200D00E0C /* Les Classes */,
				B5BD63C61FCB353D004305B6 /* Photos - Les amis de la science */,
			);
			path = Ressources;
			sourceTree = "<group>";
		};
		B59F55151FCB573200D00E0C /* Les Classes */ = {
			isa = PBXGroup;
			children = (
				B5BD63EF1FCB4116004305B6 /* Savant.swift */,
				B59F55121FCB4E3200D00E0C /* TBVFavoris.swift */,
				B5BD63B41FCB3477004305B6 /* AppDelegate.swift */,
				B5BD63B61FCB3477004305B6 /* ViewController.swift */,
				B5BD63ED1FCB3680004305B6 /* CVCSavant.swift */,
				B5BD63EA1FCB35EC004305B6 /* VCDetails.swift */,
			);
			path = "Les Classes";
			sourceTree = "<group>";
		};
		B59F55161FCB576000D00E0C /* Les données */ = {
			isa = PBXGroup;
			children = (
				B5BD63E71FCB3549004305B6 /* amisDelaScience.plist */,
				B595371E1FE369630063DC58 /* amisDeLaScience.json */,
			);
			name = "Les données";
			path = "Les données";
			sourceTree = "<group>";
		};
		B5BD63A81FCB3477004305B6 = {
			isa = PBXGroup;
			children = (
				B5BD63B31FCB3477004305B6 /* LesAmiesDeLaScienceAvecFavoris */,
				B5BD63B21FCB3477004305B6 /* Products */,
				BCAC8071BB2C19CDEF5085A9 /* Pods */,
				D01D098C9CE400C6456AA9C6 /* Frameworks */,
			);
			sourceTree = "<group>";
		};
		B5BD63B21FCB3477004305B6 /* Products */ = {
			isa = PBXGroup;
			children = (
				B5BD63B11FCB3477004305B6 /* LesAmiesDeLaScienceAvecFavoris.app */,
			);
			name = Products;
			sourceTree = "<group>";
		};
		B5BD63B31FCB3477004305B6 /* LesAmiesDeLaScienceAvecFavoris */ = {
			isa = PBXGroup;
			children = (
				B59F55171FCB5C8400D00E0C /* README.md */,
				B59F55141FCB571D00D00E0C /* Ressources */,
				B5BD63F11FCB414C004305B6 /* Podfile */,
				B5BD63B81FCB3477004305B6 /* Main.storyboard */,
				B5BD63BB1FCB3477004305B6 /* Assets.xcassets */,
				B5BD63BD1FCB3477004305B6 /* LaunchScreen.storyboard */,
				B5BD63C01FCB3477004305B6 /* Info.plist */,
			);
			path = LesAmiesDeLaScienceAvecFavoris;
			sourceTree = "<group>";
		};
		B5BD63C61FCB353D004305B6 /* Photos - Les amis de la science */ = {
			isa = PBXGroup;
			children = (
				B5BD63C71FCB353D004305B6 /* Albert Einstein.jpg */,
				B5BD63C81FCB353D004305B6 /* Albert Jacquard.jpg */,
				B5BD63C91FCB353D004305B6 /* Christian Huygens.jpg */,
				B5BD63CA1FCB353D004305B6 /* Marie Curie.jpg */,
				B5BD63CB1FCB353D004305B6 /* Galilée.jpg */,
				B5BD63CC1FCB353D004305B6 /* Daniel Fahrenheit.jpg */,
				B5BD63CD1FCB353D004305B6 /* Henri Becquerel.jpg */,
				B5BD63CE1FCB353D004305B6 /* maxwell.jpg */,
				B5BD63CF1FCB353D004305B6 /* Wilhelm Conrad Rontgen.jpg */,
				B5BD63D01FCB353D004305B6 /* Jean Perrin.jpg */,
				B5BD63D11FCB353D004305B6 /* Karl Guthe Jansky.jpg */,
				B5BD63D21FCB353D004305B6 /* Dennis Ritchie.jpg */,
				B5BD63D31FCB353D004305B6 /* Braun.jpg */,
				B5BD63D41FCB353D004305B6 /* Steve Jobs.jpg */,
				B5BD63D51FCB353D004305B6 /* Hertz.jpg */,
				B5BD63D61FCB353D004305B6 /* Blaise Pascal.jpg */,
			);
			path = "Photos - Les amis de la science";
			sourceTree = "<group>";
		};
		BCAC8071BB2C19CDEF5085A9 /* Pods */ = {
			isa = PBXGroup;
			children = (
				E469502B46BC0AECF56B94CA /* Pods-LesAmiesDeLaScienceAvecFavoris.debug.xcconfig */,
				A638B194AB8E4D0E0BAAE580 /* Pods-LesAmiesDeLaScienceAvecFavoris.release.xcconfig */,
			);
			name = Pods;
			sourceTree = "<group>";
		};
		D01D098C9CE400C6456AA9C6 /* Frameworks */ = {
			isa = PBXGroup;
			children = (
				A7E249EABB4F859B4EFBF339 /* Pods_LesAmiesDeLaScienceAvecFavoris.framework */,
			);
			name = Frameworks;
			sourceTree = "<group>";
		};
/* End PBXGroup section */

/* Begin PBXNativeTarget section */
		B5BD63B01FCB3477004305B6 /* LesAmiesDeLaScienceAvecFavoris */ = {
			isa = PBXNativeTarget;
			buildConfigurationList = B5BD63C31FCB3477004305B6 /* Build configuration list for PBXNativeTarget "LesAmiesDeLaScienceAvecFavoris" */;
			buildPhases = (
				5C93E1AD90F34BA24C3BB4B7 /* [CP] Check Pods Manifest.lock */,
				B5BD63AD1FCB3477004305B6 /* Sources */,
				B5BD63AE1FCB3477004305B6 /* Frameworks */,
				B5BD63AF1FCB3477004305B6 /* Resources */,
				642034246EB15960D7C94A68 /* [CP] Embed Pods Frameworks */,
				2A9899003CDE41A1501B7141 /* [CP] Copy Pods Resources */,
			);
			buildRules = (
			);
			dependencies = (
			);
			name = LesAmiesDeLaScienceAvecFavoris;
			productName = LesAmiesDeLaScienceAvecFavoris;
			productReference = B5BD63B11FCB3477004305B6 /* LesAmiesDeLaScienceAvecFavoris.app */;
			productType = "com.apple.product-type.application";
		};
/* End PBXNativeTarget section */

/* Begin PBXProject section */
		B5BD63A91FCB3477004305B6 /* Project object */ = {
			isa = PBXProject;
			attributes = {
				LastSwiftUpdateCheck = 0910;
				LastUpgradeCheck = 0910;
				ORGANIZATIONNAME = Alain;
				TargetAttributes = {
					B5BD63B01FCB3477004305B6 = {
						CreatedOnToolsVersion = 9.1;
						ProvisioningStyle = Automatic;
					};
				};
			};
			buildConfigurationList = B5BD63AC1FCB3477004305B6 /* Build configuration list for PBXProject "LesAmiesDeLaScienceAvecFavoris" */;
			compatibilityVersion = "Xcode 8.0";
			developmentRegion = en;
			hasScannedForEncodings = 0;
			knownRegions = (
				en,
				Base,
			);
			mainGroup = B5BD63A81FCB3477004305B6;
			productRefGroup = B5BD63B21FCB3477004305B6 /* Products */;
			projectDirPath = "";
			projectRoot = "";
			targets = (
				B5BD63B01FCB3477004305B6 /* LesAmiesDeLaScienceAvecFavoris */,
			);
		};
/* End PBXProject section */

/* Begin PBXResourcesBuildPhase section */
		B5BD63AF1FCB3477004305B6 /* Resources */ = {
			isa = PBXResourcesBuildPhase;
			buildActionMask = 2147483647;
			files = (
				B5BD63E31FCB353E004305B6 /* Braun.jpg in Resources */,
				B5BD63BF1FCB3477004305B6 /* LaunchScreen.storyboard in Resources */,
				B5BD63DB1FCB353E004305B6 /* Galilée.jpg in Resources */,
				B5BD63D81FCB353E004305B6 /* Albert Jacquard.jpg in Resources */,
				B5BD63DF1FCB353E004305B6 /* Wilhelm Conrad Rontgen.jpg in Resources */,
				B5BD63E81FCB3549004305B6 /* amisDelaScience.plist in Resources */,
				B5BD63E21FCB353E004305B6 /* Dennis Ritchie.jpg in Resources */,
				B5BD63D91FCB353E004305B6 /* Christian Huygens.jpg in Resources */,
				B5BD63DD1FCB353E004305B6 /* Henri Becquerel.jpg in Resources */,
				B5BD63E01FCB353E004305B6 /* Jean Perrin.jpg in Resources */,
				B595371F1FE369630063DC58 /* amisDeLaScience.json in Resources */,
				B5BD63E41FCB353E004305B6 /* Steve Jobs.jpg in Resources */,
				B5BD63BC1FCB3477004305B6 /* Assets.xcassets in Resources */,
				B5BD63F21FCB414C004305B6 /* Podfile in Resources */,
				B5BD63BA1FCB3477004305B6 /* Main.storyboard in Resources */,
				B5BD63DC1FCB353E004305B6 /* Daniel Fahrenheit.jpg in Resources */,
				B5BD63E61FCB353E004305B6 /* Blaise Pascal.jpg in Resources */,
				B5BD63D71FCB353E004305B6 /* Albert Einstein.jpg in Resources */,
				B5BD63E11FCB353E004305B6 /* Karl Guthe Jansky.jpg in Resources */,
				B5BD63E51FCB353E004305B6 /* Hertz.jpg in Resources */,
				B5BD63DE1FCB353E004305B6 /* maxwell.jpg in Resources */,
				B59F55181FCB5C8400D00E0C /* README.md in Resources */,
				B5BD63DA1FCB353E004305B6 /* Marie Curie.jpg in Resources */,
			);
			runOnlyForDeploymentPostprocessing = 0;
		};
/* End PBXResourcesBuildPhase section */

/* Begin PBXShellScriptBuildPhase section */
		2A9899003CDE41A1501B7141 /* [CP] Copy Pods Resources */ = {
			isa = PBXShellScriptBuildPhase;
			buildActionMask = 2147483647;
			files = (
			);
			inputPaths = (
			);
			name = "[CP] Copy Pods Resources";
			outputPaths = (
			);
			runOnlyForDeploymentPostprocessing = 0;
			shellPath = /bin/sh;
			shellScript = "\"${SRCROOT}/Pods/Target Support Files/Pods-LesAmiesDeLaScienceAvecFavoris/Pods-LesAmiesDeLaScienceAvecFavoris-resources.sh\"\n";
			showEnvVarsInLog = 0;
		};
		5C93E1AD90F34BA24C3BB4B7 /* [CP] Check Pods Manifest.lock */ = {
			isa = PBXShellScriptBuildPhase;
			buildActionMask = 2147483647;
			files = (
			);
			inputPaths = (
				"${PODS_PODFILE_DIR_PATH}/Podfile.lock",
				"${PODS_ROOT}/Manifest.lock",
			);
			name = "[CP] Check Pods Manifest.lock";
			outputPaths = (
				"$(DERIVED_FILE_DIR)/Pods-LesAmiesDeLaScienceAvecFavoris-checkManifestLockResult.txt",
			);
			runOnlyForDeploymentPostprocessing = 0;
			shellPath = /bin/sh;
			shellScript = "diff \"${PODS_PODFILE_DIR_PATH}/Podfile.lock\" \"${PODS_ROOT}/Manifest.lock\" > /dev/null\nif [ $? != 0 ] ; then\n    # print error to STDERR\n    echo \"error: The sandbox is not in sync with the Podfile.lock. Run 'pod install' or update your CocoaPods installation.\" >&2\n    exit 1\nfi\n# This output is used by Xcode 'outputs' to avoid re-running this script phase.\necho \"SUCCESS\" > \"${SCRIPT_OUTPUT_FILE_0}\"\n";
			showEnvVarsInLog = 0;
		};
		642034246EB15960D7C94A68 /* [CP] Embed Pods Frameworks */ = {
			isa = PBXShellScriptBuildPhase;
			buildActionMask = 2147483647;
			files = (
			);
			inputPaths = (
				"${SRCROOT}/Pods/Target Support Files/Pods-LesAmiesDeLaScienceAvecFavoris/Pods-LesAmiesDeLaScienceAvecFavoris-frameworks.sh",
				"${BUILT_PRODUCTS_DIR}/Realm/Realm.framework",
				"${BUILT_PRODUCTS_DIR}/RealmSwift/RealmSwift.framework",
			);
			name = "[CP] Embed Pods Frameworks";
			outputPaths = (
				"${TARGET_BUILD_DIR}/${FRAMEWORKS_FOLDER_PATH}/Realm.framework",
				"${TARGET_BUILD_DIR}/${FRAMEWORKS_FOLDER_PATH}/RealmSwift.framework",
			);
			runOnlyForDeploymentPostprocessing = 0;
			shellPath = /bin/sh;
			shellScript = "\"${SRCROOT}/Pods/Target Support Files/Pods-LesAmiesDeLaScienceAvecFavoris/Pods-LesAmiesDeLaScienceAvecFavoris-frameworks.sh\"\n";
			showEnvVarsInLog = 0;
		};
/* End PBXShellScriptBuildPhase section */

/* Begin PBXSourcesBuildPhase section */
		B5BD63AD1FCB3477004305B6 /* Sources */ = {
			isa = PBXSourcesBuildPhase;
			buildActionMask = 2147483647;
			files = (
				B5BD63B71FCB3477004305B6 /* ViewController.swift in Sources */,
				B5BD63EC1FCB35EC004305B6 /* VCDetails.swift in Sources */,
				B5BD63B51FCB3477004305B6 /* AppDelegate.swift in Sources */,
				B59F55131FCB4E3200D00E0C /* TBVFavoris.swift in Sources */,
				B5BD63F01FCB4116004305B6 /* Savant.swift in Sources */,
				B5BD63EE1FCB3680004305B6 /* CVCSavant.swift in Sources */,
			);
			runOnlyForDeploymentPostprocessing = 0;
		};
/* End PBXSourcesBuildPhase section */

/* Begin PBXVariantGroup section */
		B5BD63B81FCB3477004305B6 /* Main.storyboard */ = {
			isa = PBXVariantGroup;
			children = (
				B5BD63B91FCB3477004305B6 /* Base */,
			);
			name = Main.storyboard;
			sourceTree = "<group>";
		};
		B5BD63BD1FCB3477004305B6 /* LaunchScreen.storyboard */ = {
			isa = PBXVariantGroup;
			children = (
				B5BD63BE1FCB3477004305B6 /* Base */,
			);
			name = LaunchScreen.storyboard;
			sourceTree = "<group>";
		};
/* End PBXVariantGroup section */

/* Begin XCBuildConfiguration section */
		B5BD63C11FCB3477004305B6 /* Debug */ = {
			isa = XCBuildConfiguration;
			buildSettings = {
				ALWAYS_SEARCH_USER_PATHS = NO;
				CLANG_ANALYZER_NONNULL = YES;
				CLANG_ANALYZER_NUMBER_OBJECT_CONVERSION = YES_AGGRESSIVE;
				CLANG_CXX_LANGUAGE_STANDARD = "gnu++14";
				CLANG_CXX_LIBRARY = "libc++";
				CLANG_ENABLE_MODULES = YES;
				CLANG_ENABLE_OBJC_ARC = YES;
				CLANG_WARN_BLOCK_CAPTURE_AUTORELEASING = YES;
				CLANG_WARN_BOOL_CONVERSION = YES;
				CLANG_WARN_COMMA = YES;
				CLANG_WARN_CONSTANT_CONVERSION = YES;
				CLANG_WARN_DIRECT_OBJC_ISA_USAGE = YES_ERROR;
				CLANG_WARN_DOCUMENTATION_COMMENTS = YES;
				CLANG_WARN_EMPTY_BODY = YES;
				CLANG_WARN_ENUM_CONVERSION = YES;
				CLANG_WARN_INFINITE_RECURSION = YES;
				CLANG_WARN_INT_CONVERSION = YES;
				CLANG_WARN_NON_LITERAL_NULL_CONVERSION = YES;
				CLANG_WARN_OBJC_LITERAL_CONVERSION = YES;
				CLANG_WARN_OBJC_ROOT_CLASS = YES_ERROR;
				CLANG_WARN_RANGE_LOOP_ANALYSIS = YES;
				CLANG_WARN_STRICT_PROTOTYPES = YES;
				CLANG_WARN_SUSPICIOUS_MOVE = YES;
				CLANG_WARN_UNGUARDED_AVAILABILITY = YES_AGGRESSIVE;
				CLANG_WARN_UNREACHABLE_CODE = YES;
				CLANG_WARN__DUPLICATE_METHOD_MATCH = YES;
				CODE_SIGN_IDENTITY = "iPhone Developer";
				COPY_PHASE_STRIP = NO;
				DEBUG_INFORMATION_FORMAT = dwarf;
				ENABLE_STRICT_OBJC_MSGSEND = YES;
				ENABLE_TESTABILITY = YES;
				GCC_C_LANGUAGE_STANDARD = gnu11;
				GCC_DYNAMIC_NO_PIC = NO;
				GCC_NO_COMMON_BLOCKS = YES;
				GCC_OPTIMIZATION_LEVEL = 0;
				GCC_PREPROCESSOR_DEFINITIONS = (
					"DEBUG=1",
					"$(inherited)",
				);
				GCC_WARN_64_TO_32_BIT_CONVERSION = YES;
				GCC_WARN_ABOUT_RETURN_TYPE = YES_ERROR;
				GCC_WARN_UNDECLARED_SELECTOR = YES;
				GCC_WARN_UNINITIALIZED_AUTOS = YES_AGGRESSIVE;
				GCC_WARN_UNUSED_FUNCTION = YES;
				GCC_WARN_UNUSED_VARIABLE = YES;
				IPHONEOS_DEPLOYMENT_TARGET = 11.1;
				MTL_ENABLE_DEBUG_INFO = YES;
				ONLY_ACTIVE_ARCH = YES;
				SDKROOT = iphoneos;
				SWIFT_ACTIVE_COMPILATION_CONDITIONS = DEBUG;
				SWIFT_OPTIMIZATION_LEVEL = "-Onone";
			};
			name = Debug;
		};
		B5BD63C21FCB3477004305B6 /* Release */ = {
			isa = XCBuildConfiguration;
			buildSettings = {
				ALWAYS_SEARCH_USER_PATHS = NO;
				CLANG_ANALYZER_NONNULL = YES;
				CLANG_ANALYZER_NUMBER_OBJECT_CONVERSION = YES_AGGRESSIVE;
				CLANG_CXX_LANGUAGE_STANDARD = "gnu++14";
				CLANG_CXX_LIBRARY = "libc++";
				CLANG_ENABLE_MODULES = YES;
				CLANG_ENABLE_OBJC_ARC = YES;
				CLANG_WARN_BLOCK_CAPTURE_AUTORELEASING = YES;
				CLANG_WARN_BOOL_CONVERSION = YES;
				CLANG_WARN_COMMA = YES;
				CLANG_WARN_CONSTANT_CONVERSION = YES;
				CLANG_WARN_DIRECT_OBJC_ISA_USAGE = YES_ERROR;
				CLANG_WARN_DOCUMENTATION_COMMENTS = YES;
				CLANG_WARN_EMPTY_BODY = YES;
				CLANG_WARN_ENUM_CONVERSION = YES;
				CLANG_WARN_INFINITE_RECURSION = YES;
				CLANG_WARN_INT_CONVERSION = YES;
				CLANG_WARN_NON_LITERAL_NULL_CONVERSION = YES;
				CLANG_WARN_OBJC_LITERAL_CONVERSION = YES;
				CLANG_WARN_OBJC_ROOT_CLASS = YES_ERROR;
				CLANG_WARN_RANGE_LOOP_ANALYSIS = YES;
				CLANG_WARN_STRICT_PROTOTYPES = YES;
				CLANG_WARN_SUSPICIOUS_MOVE = YES;
				CLANG_WARN_UNGUARDED_AVAILABILITY = YES_AGGRESSIVE;
				CLANG_WARN_UNREACHABLE_CODE = YES;
				CLANG_WARN__DUPLICATE_METHOD_MATCH = YES;
				CODE_SIGN_IDENTITY = "iPhone Developer";
				COPY_PHASE_STRIP = NO;
				DEBUG_INFORMATION_FORMAT = "dwarf-with-dsym";
				ENABLE_NS_ASSERTIONS = NO;
				ENABLE_STRICT_OBJC_MSGSEND = YES;
				GCC_C_LANGUAGE_STANDARD = gnu11;
				GCC_NO_COMMON_BLOCKS = YES;
				GCC_WARN_64_TO_32_BIT_CONVERSION = YES;
				GCC_WARN_ABOUT_RETURN_TYPE = YES_ERROR;
				GCC_WARN_UNDECLARED_SELECTOR = YES;
				GCC_WARN_UNINITIALIZED_AUTOS = YES_AGGRESSIVE;
				GCC_WARN_UNUSED_FUNCTION = YES;
				GCC_WARN_UNUSED_VARIABLE = YES;
				IPHONEOS_DEPLOYMENT_TARGET = 11.1;
				MTL_ENABLE_DEBUG_INFO = NO;
				SDKROOT = iphoneos;
				SWIFT_OPTIMIZATION_LEVEL = "-Owholemodule";
				VALIDATE_PRODUCT = YES;
			};
			name = Release;
		};
		B5BD63C41FCB3477004305B6 /* Debug */ = {
			isa = XCBuildConfiguration;
			baseConfigurationReference = E469502B46BC0AECF56B94CA /* Pods-LesAmiesDeLaScienceAvecFavoris.debug.xcconfig */;
			buildSettings = {
				ASSETCATALOG_COMPILER_APPICON_NAME = AppIcon;
				CODE_SIGN_STYLE = Automatic;
				DEVELOPMENT_TEAM = NFZJ42XSFR;
				INFOPLIST_FILE = LesAmiesDeLaScienceAvecFavoris/Info.plist;
				LD_RUNPATH_SEARCH_PATHS = "$(inherited) @executable_path/Frameworks";
				PRODUCT_BUNDLE_IDENTIFIER = com.ve2cuy.LesAmiesDeLaScienceAvecFavoris;
				PRODUCT_NAME = "$(TARGET_NAME)";
				SWIFT_VERSION = 4.0;
				TARGETED_DEVICE_FAMILY = "1,2";
			};
			name = Debug;
		};
		B5BD63C51FCB3477004305B6 /* Release */ = {
			isa = XCBuildConfiguration;
			baseConfigurationReference = A638B194AB8E4D0E0BAAE580 /* Pods-LesAmiesDeLaScienceAvecFavoris.release.xcconfig */;
			buildSettings = {
				ASSETCATALOG_COMPILER_APPICON_NAME = AppIcon;
				CODE_SIGN_STYLE = Automatic;
				DEVELOPMENT_TEAM = NFZJ42XSFR;
				INFOPLIST_FILE = LesAmiesDeLaScienceAvecFavoris/Info.plist;
				LD_RUNPATH_SEARCH_PATHS = "$(inherited) @executable_path/Frameworks";
				PRODUCT_BUNDLE_IDENTIFIER = com.ve2cuy.LesAmiesDeLaScienceAvecFavoris;
				PRODUCT_NAME = "$(TARGET_NAME)";
				SWIFT_VERSION = 4.0;
				TARGETED_DEVICE_FAMILY = "1,2";
			};
			name = Release;
		};
/* End XCBuildConfiguration section */

/* Begin XCConfigurationList section */
		B5BD63AC1FCB3477004305B6 /* Build configuration list for PBXProject "LesAmiesDeLaScienceAvecFavoris" */ = {
			isa = XCConfigurationList;
			buildConfigurations = (
				B5BD63C11FCB3477004305B6 /* Debug */,
				B5BD63C21FCB3477004305B6 /* Release */,
			);
			defaultConfigurationIsVisible = 0;
			defaultConfigurationName = Release;
		};
		B5BD63C31FCB3477004305B6 /* Build configuration list for PBXNativeTarget "LesAmiesDeLaScienceAvecFavoris" */ = {
			isa = XCConfigurationList;
			buildConfigurations = (
				B5BD63C41FCB3477004305B6 /* Debug */,
				B5BD63C51FCB3477004305B6 /* Release */,
			);
			defaultConfigurationIsVisible = 0;
			defaultConfigurationName = Release;
		};
/* End XCConfigurationList section */
	};
	rootObject = B5BD63A91FCB3477004305B6 /* Project object */;
}
